
Microsoft Visual Studio Solution File, Format Version 12.00
# Visual Studio Version 17
VisualStudioVersion = 17.9.34728.123
MinimumVisualStudioVersion = 10.0.40219.1
Project("{FAE04EC0-301F-11D3-BF4B-00C04F79EFBC}") = "FlockManager", "FlockManager.csproj", "{183E4C84-090C-44F6-ADBC-2C237EDD4DD6}"
EndProject
Global
	GlobalSection(SolutionConfigurationPlatforms) = preSolution
		Debug|Any CPU = Debug|Any CPU
		Release|Any CPU = Release|Any CPU
	EndGlobalSection
	GlobalSection(ProjectConfigurationPlatforms) = postSolution
		{183E4C84-090C-44F6-ADBC-2C237EDD4DD6}.Debug|Any CPU.ActiveCfg = Debug|Any CPU
		{183E4C84-090C-44F6-ADBC-2C237EDD4DD6}.Debug|Any CPU.Build.0 = Debug|Any CPU
		{183E4C84-090C-44F6-ADBC-2C237EDD4DD6}.Release|Any CPU.ActiveCfg = Release|Any CPU
		{183E4C84-090C-44F6-ADBC-2C237EDD4DD6}.Release|Any CPU.Build.0 = Release|Any CPU
	EndGlobalSection
	GlobalSection(SolutionProperties) = preSolution
		HideSolutionNode = FALSE
	EndGlobalSection
	GlobalSection(ExtensibilityGlobals) = postSolution
		SolutionGuid = {D0341D73-9ED8-4A19-AF5E-3ED327871B0B}
	EndGlobalSection
EndGlobal
